
Microsoft Visual Studio Solution File, Format Version 12.00
# Visual Studio 15
VisualStudioVersion = 15.0.28307.489
MinimumVisualStudioVersion = 10.0.40219.1
Project("{FAE04EC0-301F-11D3-BF4B-00C04F79EFBC}") = "GitHubTest", "GitHubTest\GitHubTest.csproj", "{5117EE89-910C-4D12-94F3-343139B0638C}"
EndProject
Global
	GlobalSection(SolutionConfigurationPlatforms) = preSolution
		Debug|Any CPU = Debug|Any CPU
		Release|Any CPU = Release|Any CPU
	EndGlobalSection
	GlobalSection(ProjectConfigurationPlatforms) = postSolution
		{5117EE89-910C-4D12-94F3-343139B0638C}.Debug|Any CPU.ActiveCfg = Debug|Any CPU
		{5117EE89-910C-4D12-94F3-343139B0638C}.Debug|Any CPU.Build.0 = Debug|Any CPU
		{5117EE89-910C-4D12-94F3-343139B0638C}.Release|Any CPU.ActiveCfg = Release|Any CPU
		{5117EE89-910C-4D12-94F3-343139B0638C}.Release|Any CPU.Build.0 = Release|Any CPU
	EndGlobalSection
	GlobalSection(SolutionProperties) = preSolution
		HideSolutionNode = FALSE
	EndGlobalSection
	GlobalSection(ExtensibilityGlobals) = postSolution
		SolutionGuid = {DE8A2C03-D941-4236-90D8-E48F520B9F96}
	EndGlobalSection
EndGlobal
